
Microsoft Visual Studio Solution File, Format Version 12.00
# Visual Studio Version 17
VisualStudioVersion = 17.9.34616.47
MinimumVisualStudioVersion = 10.0.40219.1
Project("{2150E333-8FDC-42A3-9474-1A3956D46DE8}") = "WaterManagement", "WaterManagement", "{21505ED0-ED80-4F41-BF8A-F920BF0B36FB}"
EndProject
Project("{9A19103F-16F7-4668-BE54-9A1E7A4F7556}") = "WaterManagement", "WaterManagement\WaterManagement.csproj", "{F9566320-DE4C-48B7-B7D6-F54159032541}"
EndProject
Global
	GlobalSection(SolutionConfigurationPlatforms) = preSolution
		Debug|Any CPU = Debug|Any CPU
		Release|Any CPU = Release|Any CPU
	EndGlobalSection
	GlobalSection(ProjectConfigurationPlatforms) = postSolution
		{F9566320-DE4C-48B7-B7D6-F54159032541}.Debug|Any CPU.ActiveCfg = Debug|Any CPU
		{F9566320-DE4C-48B7-B7D6-F54159032541}.Debug|Any CPU.Build.0 = Debug|Any CPU
		{F9566320-DE4C-48B7-B7D6-F54159032541}.Release|Any CPU.ActiveCfg = Release|Any CPU
		{F9566320-DE4C-48B7-B7D6-F54159032541}.Release|Any CPU.Build.0 = Release|Any CPU
	EndGlobalSection
	GlobalSection(SolutionProperties) = preSolution
		HideSolutionNode = FALSE
	EndGlobalSection
	GlobalSection(NestedProjects) = preSolution
		{F9566320-DE4C-48B7-B7D6-F54159032541} = {21505ED0-ED80-4F41-BF8A-F920BF0B36FB}
	EndGlobalSection
	GlobalSection(ExtensibilityGlobals) = postSolution
		SolutionGuid = {AC7B28A7-1DBA-4A31-80A5-F87E8F1EF911}
	EndGlobalSection
EndGlobal
